
Microsoft Visual Studio Solution File, Format Version 12.00
# Visual Studio Version 16
VisualStudioVersion = 16.0.31321.278
MinimumVisualStudioVersion = 10.0.40219.1
Project("{9A19103F-16F7-4668-BE54-9A1E7A4F7556}") = "2.OpenWeatherMapNoIoC", "OpenWeatherMapNoIoC\2.OpenWeatherMapNoIoC.csproj", "{57E1B67D-6E1E-4477-B789-33D56FB425D8}"
EndProject
Project("{9A19103F-16F7-4668-BE54-9A1E7A4F7556}") = "3.OpenWeatherMapIoC", "OpenWeatherMapIoC\3.OpenWeatherMapIoC.csproj", "{1DFB4DA2-7526-40FE-BBF2-200BE2244B84}"
EndProject
Project("{9A19103F-16F7-4668-BE54-9A1E7A4F7556}") = "1.OpenWeatherMapSimple", "OpenWeatherMapSimple\1.OpenWeatherMapSimple.csproj", "{C48390E4-3590-4842-8AE9-AF4AF81A2A45}"
EndProject
Project("{9A19103F-16F7-4668-BE54-9A1E7A4F7556}") = "4.OpenWeatherMapIoCv2", "OpenWeatherMapIoCv2\4.OpenWeatherMapIoCv2.csproj", "{10FE655A-E85A-43CF-AF39-13702AA35175}"
EndProject
Global
	GlobalSection(SolutionConfigurationPlatforms) = preSolution
		Debug|Any CPU = Debug|Any CPU
		Release|Any CPU = Release|Any CPU
	EndGlobalSection
	GlobalSection(ProjectConfigurationPlatforms) = postSolution
		{57E1B67D-6E1E-4477-B789-33D56FB425D8}.Debug|Any CPU.ActiveCfg = Debug|Any CPU
		{57E1B67D-6E1E-4477-B789-33D56FB425D8}.Debug|Any CPU.Build.0 = Debug|Any CPU
		{57E1B67D-6E1E-4477-B789-33D56FB425D8}.Release|Any CPU.ActiveCfg = Release|Any CPU
		{57E1B67D-6E1E-4477-B789-33D56FB425D8}.Release|Any CPU.Build.0 = Release|Any CPU
		{1DFB4DA2-7526-40FE-BBF2-200BE2244B84}.Debug|Any CPU.ActiveCfg = Debug|Any CPU
		{1DFB4DA2-7526-40FE-BBF2-200BE2244B84}.Debug|Any CPU.Build.0 = Debug|Any CPU
		{1DFB4DA2-7526-40FE-BBF2-200BE2244B84}.Release|Any CPU.ActiveCfg = Release|Any CPU
		{1DFB4DA2-7526-40FE-BBF2-200BE2244B84}.Release|Any CPU.Build.0 = Release|Any CPU
		{C48390E4-3590-4842-8AE9-AF4AF81A2A45}.Debug|Any CPU.ActiveCfg = Debug|Any CPU
		{C48390E4-3590-4842-8AE9-AF4AF81A2A45}.Debug|Any CPU.Build.0 = Debug|Any CPU
		{C48390E4-3590-4842-8AE9-AF4AF81A2A45}.Release|Any CPU.ActiveCfg = Release|Any CPU
		{C48390E4-3590-4842-8AE9-AF4AF81A2A45}.Release|Any CPU.Build.0 = Release|Any CPU
		{10FE655A-E85A-43CF-AF39-13702AA35175}.Debug|Any CPU.ActiveCfg = Debug|Any CPU
		{10FE655A-E85A-43CF-AF39-13702AA35175}.Debug|Any CPU.Build.0 = Debug|Any CPU
		{10FE655A-E85A-43CF-AF39-13702AA35175}.Release|Any CPU.ActiveCfg = Release|Any CPU
		{10FE655A-E85A-43CF-AF39-13702AA35175}.Release|Any CPU.Build.0 = Release|Any CPU
	EndGlobalSection
	GlobalSection(SolutionProperties) = preSolution
		HideSolutionNode = FALSE
	EndGlobalSection
	GlobalSection(ExtensibilityGlobals) = postSolution
		SolutionGuid = {7D990E71-3D87-4EC9-B1A2-E01AAF5F51C6}
	EndGlobalSection
EndGlobal
